<Solution>
  <Folder Name="/src/">
    <Project Path="src/Mdv.Cli/Mdv.Cli.csproj" />
    <Project Path="src/Mdv.Core/Mdv.Core.csproj" />
    <Project Path="src/Mdv.Diagrams/Mdv.Diagrams.csproj" />
    <Project Path="src/Mdv.Terminal/Mdv.Terminal.csproj" />
    <Project Path="src/Mdv.Web/Mdv.Web.csproj" />
  </Folder>
</Solution>
